
Microsoft Visual Studio Solution File, Format Version 12.00
# Visual Studio Version 17
VisualStudioVersion = 17.8.34316.72
MinimumVisualStudioVersion = 10.0.40219.1
Project("{FAE04EC0-301F-11D3-BF4B-00C04F79EFBC}") = "ConsoleApplication", "ConsoleApplication\ConsoleApplication.csproj", "{5040B4A3-D761-4656-8070-D9B2F206E6B2}"
EndProject
Project("{FAE04EC0-301F-11D3-BF4B-00C04F79EFBC}") = "QueryableExtensions", "QueryableExtensions\QueryableExtensions.csproj", "{AD142454-359C-4C6E-BDE7-643BCF113B7F}"
EndProject
Project("{FAE04EC0-301F-11D3-BF4B-00C04F79EFBC}") = "MVCWebApplication", "MVCWebApplication\MVCWebApplication.csproj", "{50581BFA-3EA1-4CD5-B309-6435BFF78BB6}"
EndProject
Global
	GlobalSection(SolutionConfigurationPlatforms) = preSolution
		Debug|Any CPU = Debug|Any CPU
		Release|Any CPU = Release|Any CPU
	EndGlobalSection
	GlobalSection(ProjectConfigurationPlatforms) = postSolution
		{5040B4A3-D761-4656-8070-D9B2F206E6B2}.Debug|Any CPU.ActiveCfg = Debug|Any CPU
		{5040B4A3-D761-4656-8070-D9B2F206E6B2}.Debug|Any CPU.Build.0 = Debug|Any CPU
		{5040B4A3-D761-4656-8070-D9B2F206E6B2}.Release|Any CPU.ActiveCfg = Release|Any CPU
		{5040B4A3-D761-4656-8070-D9B2F206E6B2}.Release|Any CPU.Build.0 = Release|Any CPU
		{AD142454-359C-4C6E-BDE7-643BCF113B7F}.Debug|Any CPU.ActiveCfg = Debug|Any CPU
		{AD142454-359C-4C6E-BDE7-643BCF113B7F}.Debug|Any CPU.Build.0 = Debug|Any CPU
		{AD142454-359C-4C6E-BDE7-643BCF113B7F}.Release|Any CPU.ActiveCfg = Release|Any CPU
		{AD142454-359C-4C6E-BDE7-643BCF113B7F}.Release|Any CPU.Build.0 = Release|Any CPU
		{50581BFA-3EA1-4CD5-B309-6435BFF78BB6}.Debug|Any CPU.ActiveCfg = Debug|Any CPU
		{50581BFA-3EA1-4CD5-B309-6435BFF78BB6}.Debug|Any CPU.Build.0 = Debug|Any CPU
		{50581BFA-3EA1-4CD5-B309-6435BFF78BB6}.Release|Any CPU.ActiveCfg = Release|Any CPU
		{50581BFA-3EA1-4CD5-B309-6435BFF78BB6}.Release|Any CPU.Build.0 = Release|Any CPU
	EndGlobalSection
	GlobalSection(SolutionProperties) = preSolution
		HideSolutionNode = FALSE
	EndGlobalSection
	GlobalSection(ExtensibilityGlobals) = postSolution
		SolutionGuid = {A0CC59CA-3C7C-4835-AACE-C8705AF2DFD4}
	EndGlobalSection
EndGlobal
